// !$*UTF8*$!
{
	archiveVersion = 1;
	classes = {
	};
	objectVersion = 46;
	objects = {

/* Begin PBXBuildFile section */
		2FAEC0DF1E120C84005D99FC /* HeaderView.swift in Sources */ = {isa = PBXBuildFile; fileRef = 2FAEC0DE1E120C84005D99FC /* HeaderView.swift */; };
		2FAEC0E11E120C96005D99FC /* HeaderView.xib in Resources */ = {isa = PBXBuildFile; fileRef = 2FAEC0E01E120C96005D99FC /* HeaderView.xib */; };
		2FAEC0E31E12139D005D99FC /* source.plist in Resources */ = {isa = PBXBuildFile; fileRef = 2FAEC0E21E12139D005D99FC /* source.plist */; };
		2FCBCD881E12078500BB0F01 /* AppDelegate.swift in Sources */ = {isa = PBXBuildFile; fileRef = 2FCBCD871E12078500BB0F01 /* AppDelegate.swift */; };
		2FCBCD8D1E12078500BB0F01 /* Main.storyboard in Resources */ = {isa = PBXBuildFile; fileRef = 2FCBCD8B1E12078500BB0F01 /* Main.storyboard */; };
		2FCBCD8F1E12078500BB0F01 /* Assets.xcassets in Resources */ = {isa = PBXBuildFile; fileRef = 2FCBCD8E1E12078500BB0F01 /* Assets.xcassets */; };
		2FCBCD921E12078500BB0F01 /* LaunchScreen.storyboard in Resources */ = {isa = PBXBuildFile; fileRef = 2FCBCD901E12078500BB0F01 /* LaunchScreen.storyboard */; };
		2FCBCD9A1E12080000BB0F01 /* TableViewController.swift in Sources */ = {isa = PBXBuildFile; fileRef = 2FCBCD991E12080000BB0F01 /* TableViewController.swift */; };
/* End PBXBuildFile section */

/* Begin PBXFileReference section */
		2FAEC0DE1E120C84005D99FC /* HeaderView.swift */ = {isa = PBXFileReference; fileEncoding = 4; lastKnownFileType = sourcecode.swift; path = HeaderView.swift; sourceTree = "<group>"; };
		2FAEC0E01E120C96005D99FC /* HeaderView.xib */ = {isa = PBXFileReference; fileEncoding = 4; lastKnownFileType = file.xib; path = HeaderView.xib; sourceTree = "<group>"; };
		2FAEC0E21E12139D005D99FC /* source.plist */ = {isa = PBXFileReference; fileEncoding = 4; lastKnownFileType = text.plist.xml; path = source.plist; sourceTree = "<group>"; };
		2FCBCD841E12078500BB0F01 /* UnfoldTableView.app */ = {isa = PBXFileReference; explicitFileType = wrapper.application; includeInIndex = 0; path = UnfoldTableView.app; sourceTree = BUILT_PRODUCTS_DIR; };
		2FCBCD871E12078500BB0F01 /* AppDelegate.swift */ = {isa = PBXFileReference; lastKnownFileType = sourcecode.swift; path = AppDelegate.swift; sourceTree = "<group>"; };
		2FCBCD8C1E12078500BB0F01 /* Base */ = {isa = PBXFileReference; lastKnownFileType = file.storyboard; name = Base; path = Base.lproj/Main.storyboard; sourceTree = "<group>"; };
		2FCBCD8E1E12078500BB0F01 /* Assets.xcassets */ = {isa = PBXFileReference; lastKnownFileType = folder.assetcatalog; path = Assets.xcassets; sourceTree = "<group>"; };
		2FCBCD911E12078500BB0F01 /* Base */ = {isa = PBXFileReference; lastKnownFileType = file.storyboard; name = Base; path = Base.lproj/LaunchScreen.storyboard; sourceTree = "<group>"; };
		2FCBCD931E12078500BB0F01 /* Info.plist */ = {isa = PBXFileReference; lastKnownFileType = text.plist.xml; path = Info.plist; sourceTree = "<group>"; };
		2FCBCD991E12080000BB0F01 /* TableViewController.swift */ = {isa = PBXFileReference; fileEncoding = 4; lastKnownFileType = sourcecode.swift; path = TableViewController.swift; sourceTree = "<group>"; };
/* End PBXFileReference section */

/* Begin PBXFrameworksBuildPhase section */
		2FCBCD811E12078500BB0F01 /* Frameworks */ = {
			isa = PBXFrameworksBuildPhase;
			buildActionMask = 2147483647;
			files = (
			);
			runOnlyForDeploymentPostprocessing = 0;
		};
/* End PBXFrameworksBuildPhase section */

/* Begin PBXGroup section */
		2FCBCD7B1E12078400BB0F01 = {
			isa = PBXGroup;
			children = (
				2FCBCD861E12078500BB0F01 /* UnfoldTableView */,
				2FCBCD851E12078500BB0F01 /* Products */,
			);
			sourceTree = "<group>";
		};
		2FCBCD851E12078500BB0F01 /* Products */ = {
			isa = PBXGroup;
			children = (
				2FCBCD841E12078500BB0F01 /* UnfoldTableView.app */,
			);
			name = Products;
			sourceTree = "<group>";
		};
		2FCBCD861E12078500BB0F01 /* UnfoldTableView */ = {
			isa = PBXGroup;
			children = (
				2FCBCD871E12078500BB0F01 /* AppDelegate.swift */,
				2FCBCD8B1E12078500BB0F01 /* Main.storyboard */,
				2FCBCD991E12080000BB0F01 /* TableViewController.swift */,
				2FAEC0DE1E120C84005D99FC /* HeaderView.swift */,
				2FAEC0E01E120C96005D99FC /* HeaderView.xib */,
				2FCBCD8E1E12078500BB0F01 /* Assets.xcassets */,
				2FCBCD901E12078500BB0F01 /* LaunchScreen.storyboard */,
				2FAEC0E21E12139D005D99FC /* source.plist */,
				2FCBCD931E12078500BB0F01 /* Info.plist */,
			);
			path = UnfoldTableView;
			sourceTree = "<group>";
		};
/* End PBXGroup section */

/* Begin PBXNativeTarget section */
		2FCBCD831E12078500BB0F01 /* UnfoldTableView */ = {
			isa = PBXNativeTarget;
			buildConfigurationList = 2FCBCD961E12078500BB0F01 /* Build configuration list for PBXNativeTarget "UnfoldTableView" */;
			buildPhases = (
				2FCBCD801E12078500BB0F01 /* Sources */,
				2FCBCD811E12078500BB0F01 /* Frameworks */,
				2FCBCD821E12078500BB0F01 /* Resources */,
			);
			buildRules = (
			);
			dependencies = (
			);
			name = UnfoldTableView;
			productName = UnfoldTableView;
			productReference = 2FCBCD841E12078500BB0F01 /* UnfoldTableView.app */;
			productType = "com.apple.product-type.application";
		};
/* End PBXNativeTarget section */

/* Begin PBXProject section */
		2FCBCD7C1E12078400BB0F01 /* Project object */ = {
			isa = PBXProject;
			attributes = {
				LastSwiftUpdateCheck = 0820;
				LastUpgradeCheck = 0820;
				ORGANIZATIONNAME = yang;
				TargetAttributes = {
					2FCBCD831E12078500BB0F01 = {
						CreatedOnToolsVersion = 8.2.1;
						DevelopmentTeam = GL62RMR783;
						ProvisioningStyle = Automatic;
					};
				};
			};
			buildConfigurationList = 2FCBCD7F1E12078400BB0F01 /* Build configuration list for PBXProject "UnfoldTableView" */;
			compatibilityVersion = "Xcode 3.2";
			developmentRegion = English;
			hasScannedForEncodings = 0;
			knownRegions = (
				en,
				Base,
			);
			mainGroup = 2FCBCD7B1E12078400BB0F01;
			productRefGroup = 2FCBCD851E12078500BB0F01 /* Products */;
			projectDirPath = "";
			projectRoot = "";
			targets = (
				2FCBCD831E12078500BB0F01 /* UnfoldTableView */,
			);
		};
/* End PBXProject section */

/* Begin PBXResourcesBuildPhase section */
		2FCBCD821E12078500BB0F01 /* Resources */ = {
			isa = PBXResourcesBuildPhase;
			buildActionMask = 2147483647;
			files = (
				2FAEC0E31E12139D005D99FC /* source.plist in Resources */,
				2FCBCD921E12078500BB0F01 /* LaunchScreen.storyboard in Resources */,
				2FAEC0E11E120C96005D99FC /* HeaderView.xib in Resources */,
				2FCBCD8F1E12078500BB0F01 /* Assets.xcassets in Resources */,
				2FCBCD8D1E12078500BB0F01 /* Main.storyboard in Resources */,
			);
			runOnlyForDeploymentPostprocessing = 0;
		};
/* End PBXResourcesBuildPhase section */

/* Begin PBXSourcesBuildPhase section */
		2FCBCD801E12078500BB0F01 /* Sources */ = {
			isa = PBXSourcesBuildPhase;
			buildActionMask = 2147483647;
			files = (
				2FCBCD881E12078500BB0F01 /* AppDelegate.swift in Sources */,
				2FCBCD9A1E12080000BB0F01 /* TableViewController.swift in Sources */,
				2FAEC0DF1E120C84005D99FC /* HeaderView.swift in Sources */,
			);
			runOnlyForDeploymentPostprocessing = 0;
		};
/* End PBXSourcesBuildPhase section */

/* Begin PBXVariantGroup section */
		2FCBCD8B1E12078500BB0F01 /* Main.storyboard */ = {
			isa = PBXVariantGroup;
			children = (
				2FCBCD8C1E12078500BB0F01 /* Base */,
			);
			name = Main.storyboard;
			sourceTree = "<group>";
		};
		2FCBCD901E12078500BB0F01 /* LaunchScreen.storyboard */ = {
			isa = PBXVariantGroup;
			children = (
				2FCBCD911E12078500BB0F01 /* Base */,
			);
			name = LaunchScreen.storyboard;
			sourceTree = "<group>";
		};
/* End PBXVariantGroup section */

/* Begin XCBuildConfiguration section */
		2FCBCD941E12078500BB0F01 /* Debug */ = {
			isa = XCBuildConfiguration;
			buildSettings = {
				ALWAYS_SEARCH_USER_PATHS = NO;
				CLANG_ANALYZER_NONNULL = YES;
				CLANG_CXX_LANGUAGE_STANDARD = "gnu++0x";
				CLANG_CXX_LIBRARY = "libc++";
				CLANG_ENABLE_MODULES = YES;
				CLANG_ENABLE_OBJC_ARC = YES;
				CLANG_WARN_BOOL_CONVERSION = YES;
				CLANG_WARN_CONSTANT_CONVERSION = YES;
				CLANG_WARN_DIRECT_OBJC_ISA_USAGE = YES_ERROR;
				CLANG_WARN_DOCUMENTATION_COMMENTS = YES;
				CLANG_WARN_EMPTY_BODY = YES;
				CLANG_WARN_ENUM_CONVERSION = YES;
				CLANG_WARN_INFINITE_RECURSION = YES;
				CLANG_WARN_INT_CONVERSION = YES;
				CLANG_WARN_OBJC_ROOT_CLASS = YES_ERROR;
				CLANG_WARN_SUSPICIOUS_MOVE = YES;
				CLANG_WARN_UNREACHABLE_CODE = YES;
				CLANG_WARN__DUPLICATE_METHOD_MATCH = YES;
				"CODE_SIGN_IDENTITY[sdk=iphoneos*]" = "iPhone Developer";
				COPY_PHASE_STRIP = NO;
				DEBUG_INFORMATION_FORMAT = dwarf;
				ENABLE_STRICT_OBJC_MSGSEND = YES;
				ENABLE_TESTABILITY = YES;
				GCC_C_LANGUAGE_STANDARD = gnu99;
				GCC_DYNAMIC_NO_PIC = NO;
				GCC_NO_COMMON_BLOCKS = YES;
				GCC_OPTIMIZATION_LEVEL = 0;
				GCC_PREPROCESSOR_DEFINITIONS = (
					"DEBUG=1",
					"$(inherited)",
				);
				GCC_WARN_64_TO_32_BIT_CONVERSION = YES;
				GCC_WARN_ABOUT_RETURN_TYPE = YES_ERROR;
				GCC_WARN_UNDECLARED_SELECTOR = YES;
				GCC_WARN_UNINITIALIZED_AUTOS = YES_AGGRESSIVE;
				GCC_WARN_UNUSED_FUNCTION = YES;
				GCC_WARN_UNUSED_VARIABLE = YES;
				IPHONEOS_DEPLOYMENT_TARGET = 10.2;
				MTL_ENABLE_DEBUG_INFO = YES;
				ONLY_ACTIVE_ARCH = YES;
				SDKROOT = iphoneos;
				SWIFT_ACTIVE_COMPILATION_CONDITIONS = DEBUG;
				SWIFT_OPTIMIZATION_LEVEL = "-Onone";
			};
			name = Debug;
		};
		2FCBCD951E12078500BB0F01 /* Release */ = {
			isa = XCBuildConfiguration;
			buildSettings = {
				ALWAYS_SEARCH_USER_PATHS = NO;
				CLANG_ANALYZER_NONNULL = YES;
				CLANG_CXX_LANGUAGE_STANDARD = "gnu++0x";
				CLANG_CXX_LIBRARY = "libc++";
				CLANG_ENABLE_MODULES = YES;
				CLANG_ENABLE_OBJC_ARC = YES;
				CLANG_WARN_BOOL_CONVERSION = YES;
				CLANG_WARN_CONSTANT_CONVERSION = YES;
				CLANG_WARN_DIRECT_OBJC_ISA_USAGE = YES_ERROR;
				CLANG_WARN_DOCUMENTATION_COMMENTS = YES;
				CLANG_WARN_EMPTY_BODY = YES;
				CLANG_WARN_ENUM_CONVERSION = YES;
				CLANG_WARN_INFINITE_RECURSION = YES;
				CLANG_WARN_INT_CONVERSION = YES;
				CLANG_WARN_OBJC_ROOT_CLASS = YES_ERROR;
				CLANG_WARN_SUSPICIOUS_MOVE = YES;
				CLANG_WARN_UNREACHABLE_CODE = YES;
				CLANG_WARN__DUPLICATE_METHOD_MATCH = YES;
				"CODE_SIGN_IDENTITY[sdk=iphoneos*]" = "iPhone Developer";
				COPY_PHASE_STRIP = NO;
				DEBUG_INFORMATION_FORMAT = "dwarf-with-dsym";
				ENABLE_NS_ASSERTIONS = NO;
				ENABLE_STRICT_OBJC_MSGSEND = YES;
				GCC_C_LANGUAGE_STANDARD = gnu99;
				GCC_NO_COMMON_BLOCKS = YES;
				GCC_WARN_64_TO_32_BIT_CONVERSION = YES;
				GCC_WARN_ABOUT_RETURN_TYPE = YES_ERROR;
				GCC_WARN_UNDECLARED_SELECTOR = YES;
				GCC_WARN_UNINITIALIZED_AUTOS = YES_AGGRESSIVE;
				GCC_WARN_UNUSED_FUNCTION = YES;
				GCC_WARN_UNUSED_VARIABLE = YES;
				IPHONEOS_DEPLOYMENT_TARGET = 10.2;
				MTL_ENABLE_DEBUG_INFO = NO;
				SDKROOT = iphoneos;
				SWIFT_OPTIMIZATION_LEVEL = "-Owholemodule";
				VALIDATE_PRODUCT = YES;
			};
			name = Release;
		};
		2FCBCD971E12078500BB0F01 /* Debug */ = {
			isa = XCBuildConfiguration;
			buildSettings = {
				ASSETCATALOG_COMPILER_APPICON_NAME = AppIcon;
				DEVELOPMENT_TEAM = GL62RMR783;
				INFOPLIST_FILE = UnfoldTableView/Info.plist;
				IPHONEOS_DEPLOYMENT_TARGET = 9.0;
				LD_RUNPATH_SEARCH_PATHS = "$(inherited) @executable_path/Frameworks";
				PRODUCT_BUNDLE_IDENTIFIER = com.xunsuzaixian.UnfoldTableView;
				PRODUCT_NAME = "$(TARGET_NAME)";
				SWIFT_VERSION = 3.0;
			};
			name = Debug;
		};
		2FCBCD981E12078500BB0F01 /* Release */ = {
			isa = XCBuildConfiguration;
			buildSettings = {
				ASSETCATALOG_COMPILER_APPICON_NAME = AppIcon;
				DEVELOPMENT_TEAM = GL62RMR783;
				INFOPLIST_FILE = UnfoldTableView/Info.plist;
				IPHONEOS_DEPLOYMENT_TARGET = 9.0;
				LD_RUNPATH_SEARCH_PATHS = "$(inherited) @executable_path/Frameworks";
				PRODUCT_BUNDLE_IDENTIFIER = com.xunsuzaixian.UnfoldTableView;
				PRODUCT_NAME = "$(TARGET_NAME)";
				SWIFT_VERSION = 3.0;
			};
			name = Release;
		};
/* End XCBuildConfiguration section */

/* Begin XCConfigurationList section */
		2FCBCD7F1E12078400BB0F01 /* Build configuration list for PBXProject "UnfoldTableView" */ = {
			isa = XCConfigurationList;
			buildConfigurations = (
				2FCBCD941E12078500BB0F01 /* Debug */,
				2FCBCD951E12078500BB0F01 /* Release */,
			);
			defaultConfigurationIsVisible = 0;
			defaultConfigurationName = Release;
		};
		2FCBCD961E12078500BB0F01 /* Build configuration list for PBXNativeTarget "UnfoldTableView" */ = {
			isa = XCConfigurationList;
			buildConfigurations = (
				2FCBCD971E12078500BB0F01 /* Debug */,
				2FCBCD981E12078500BB0F01 /* Release */,
			);
			defaultConfigurationIsVisible = 0;
			defaultConfigurationName = Release;
		};
/* End XCConfigurationList section */
	};
	rootObject = 2FCBCD7C1E12078400BB0F01 /* Project object */;
}
